// !$*UTF8*$!
{
	archiveVersion = 1;
	classes = {
	};
	objectVersion = 46;
	objects = {

/* Begin PBXBuildFile section */
		490E5F5E1D915E0E009BA6A2 /* OnSearchContainerViewController.swift in Sources */ = {isa = PBXBuildFile; fileRef = 490E5F5D1D915E0E009BA6A2 /* OnSearchContainerViewController.swift */; };
		4914EF3C1D5DDC05007D150A /* HomeChartDetailTableViewController.swift in Sources */ = {isa = PBXBuildFile; fileRef = 4914EF3B1D5DDC05007D150A /* HomeChartDetailTableViewController.swift */; };
		4914EF3E1D5DE032007D150A /* HomeChartDetailTableViewCell.swift in Sources */ = {isa = PBXBuildFile; fileRef = 4914EF3D1D5DE032007D150A /* HomeChartDetailTableViewCell.swift */; };
		491F3E591D42F4E0005A2C9D /* MyTabBarController.swift in Sources */ = {isa = PBXBuildFile; fileRef = 491F3E581D42F4E0005A2C9D /* MyTabBarController.swift */; };
		49235DC21D843CC60063DE7D /* UserInfoGetter.swift in Sources */ = {isa = PBXBuildFile; fileRef = 49235DC11D843CC60063DE7D /* UserInfoGetter.swift */; };
		492E7CF01DA9414100FC3DF1 /* Communicator.swift in Sources */ = {isa = PBXBuildFile; fileRef = 492E7CEF1DA9414100FC3DF1 /* Communicator.swift */; };
		492F62FB1D617F9100F270BA /* Song.swift in Sources */ = {isa = PBXBuildFile; fileRef = 492F62FA1D617F9100F270BA /* Song.swift */; };
		4935B3121D9437AA00CC6D2C /* SearchByLyricsTableViewController.swift in Sources */ = {isa = PBXBuildFile; fileRef = 4935B3111D9437AA00CC6D2C /* SearchByLyricsTableViewController.swift */; };
		4935B3141D9437B400CC6D2C /* SearchByLyricsTableViewCell.swift in Sources */ = {isa = PBXBuildFile; fileRef = 4935B3131D9437B400CC6D2C /* SearchByLyricsTableViewCell.swift */; };
		4935DA081D8A5F1B0027C408 /* SwiftyJSON.swift in Sources */ = {isa = PBXBuildFile; fileRef = 4935DA071D8A5F1B0027C408 /* SwiftyJSON.swift */; };
		493ECDE91D958DD100A40C15 /* MainPageGradient.swift in Sources */ = {isa = PBXBuildFile; fileRef = 493ECDE81D958DD100A40C15 /* MainPageGradient.swift */; };
		494F3A991D42ECAA008B5051 /* AppDelegate.swift in Sources */ = {isa = PBXBuildFile; fileRef = 494F3A981D42ECAA008B5051 /* AppDelegate.swift */; };
		494F3A9E1D42ECAA008B5051 /* Main.storyboard in Resources */ = {isa = PBXBuildFile; fileRef = 494F3A9C1D42ECAA008B5051 /* Main.storyboard */; };
		494F3AA01D42ECAA008B5051 /* Assets.xcassets in Resources */ = {isa = PBXBuildFile; fileRef = 494F3A9F1D42ECAA008B5051 /* Assets.xcassets */; };
		494F3AAB1D42EFB7008B5051 /* HomeTabController.swift in Sources */ = {isa = PBXBuildFile; fileRef = 494F3AAA1D42EFB7008B5051 /* HomeTabController.swift */; };
		49676E9B1DD5B60100962A26 /* HomeNewSongTableViewController.swift in Sources */ = {isa = PBXBuildFile; fileRef = 49676E9A1DD5B60100962A26 /* HomeNewSongTableViewController.swift */; };
		49676E9D1DD5B6DD00962A26 /* HomeNewSongTableViewCell.swift in Sources */ = {isa = PBXBuildFile; fileRef = 49676E9C1DD5B6DD00962A26 /* HomeNewSongTableViewCell.swift */; };
		497454AF1D4CB8B5000D520B /* LoginVC.swift in Sources */ = {isa = PBXBuildFile; fileRef = 497454AE1D4CB8B5000D520B /* LoginVC.swift */; };
		497454B71D4CE727000D520B /* SignupVC.swift in Sources */ = {isa = PBXBuildFile; fileRef = 497454B61D4CE727000D520B /* SignupVC.swift */; };
		497469331DACC56700A9E241 /* Launch Screen.storyboard in Resources */ = {isa = PBXBuildFile; fileRef = 497469321DACC56700A9E241 /* Launch Screen.storyboard */; };
		497469351DACCE3300A9E241 /* GoraeAlertController.swift in Sources */ = {isa = PBXBuildFile; fileRef = 497469341DACCE3300A9E241 /* GoraeAlertController.swift */; };
		497469371DACDA6100A9E241 /* GoraeAlert.swift in Sources */ = {isa = PBXBuildFile; fileRef = 497469361DACDA6100A9E241 /* GoraeAlert.swift */; };
		4974A1831DC7363900E63069 /* UserInfoSetter.swift in Sources */ = {isa = PBXBuildFile; fileRef = 4974A1821DC7363900E63069 /* UserInfoSetter.swift */; };
		4974A1851DC7752000E63069 /* RecommendTableViewController.swift in Sources */ = {isa = PBXBuildFile; fileRef = 4974A1841DC7751F00E63069 /* RecommendTableViewController.swift */; };
		4974A1871DC7763B00E63069 /* Recommender.swift in Sources */ = {isa = PBXBuildFile; fileRef = 4974A1861DC7763B00E63069 /* Recommender.swift */; };
		4974A18A1DC7787000E63069 /* RecommendTableViewCell.swift in Sources */ = {isa = PBXBuildFile; fileRef = 4974A1891DC7787000E63069 /* RecommendTableViewCell.swift */; };
		497E08B91DA90C4C0096E069 /* MyInfoViewController.swift in Sources */ = {isa = PBXBuildFile; fileRef = 497E08B81DA90C4C0096E069 /* MyInfoViewController.swift */; };
		498CDF991D55E0D300DA0A1D /* MyListTableViewController.swift in Sources */ = {isa = PBXBuildFile; fileRef = 498CDF981D55E0D300DA0A1D /* MyListTableViewController.swift */; };
		498CDFA11D55E16A00DA0A1D /* MyListTableViewCell.swift in Sources */ = {isa = PBXBuildFile; fileRef = 498CDFA01D55E16A00DA0A1D /* MyListTableViewCell.swift */; };
		498E0D811D71598D00CCEFF1 /* GlobalSetting.swift in Sources */ = {isa = PBXBuildFile; fileRef = 498E0D801D71598D00CCEFF1 /* GlobalSetting.swift */; };
		499318651D797A1B0047C8B1 /* SearchTableViewController.swift in Sources */ = {isa = PBXBuildFile; fileRef = 499318641D797A1B0047C8B1 /* SearchTableViewController.swift */; };
		499318671D797BEA0047C8B1 /* SearchTableViewCell.swift in Sources */ = {isa = PBXBuildFile; fileRef = 499318661D797BEA0047C8B1 /* SearchTableViewCell.swift */; };
		499C76591DEF1CD5004D4A3A /* ChangePasswordViewController.swift in Sources */ = {isa = PBXBuildFile; fileRef = 499C76581DEF1CD5004D4A3A /* ChangePasswordViewController.swift */; };
		49B8340C1D564EFF004F1AC0 /* MyListDetailViewController.swift in Sources */ = {isa = PBXBuildFile; fileRef = 49B8340B1D564EFF004F1AC0 /* MyListDetailViewController.swift */; };
		49B862471D85479C00EBBE95 /* SettingViewController.swift in Sources */ = {isa = PBXBuildFile; fileRef = 49B862461D85479C00EBBE95 /* SettingViewController.swift */; };
		49B862491D857B0200EBBE95 /* MyListViewController.swift in Sources */ = {isa = PBXBuildFile; fileRef = 49B862481D857B0200EBBE95 /* MyListViewController.swift */; };
		49C4879B1D94028400F3D46C /* SearchByArtistTableViewController.swift in Sources */ = {isa = PBXBuildFile; fileRef = 49C4879A1D94028400F3D46C /* SearchByArtistTableViewController.swift */; };
		49C4879D1D940BB500F3D46C /* SearchByArtistTableViewCell.swift in Sources */ = {isa = PBXBuildFile; fileRef = 49C4879C1D940BB500F3D46C /* SearchByArtistTableViewCell.swift */; };
		49D228741D8E93AF0036746A /* SearchContainerViewController.swift in Sources */ = {isa = PBXBuildFile; fileRef = 49D228731D8E93AF0036746A /* SearchContainerViewController.swift */; };
/* End PBXBuildFile section */

/* Begin PBXCopyFilesBuildPhase section */
		4979E2281D4A17D2003852E6 /* Embed Frameworks */ = {
			isa = PBXCopyFilesBuildPhase;
			buildActionMask = 2147483647;
			dstPath = "";
			dstSubfolderSpec = 10;
			files = (
			);
			name = "Embed Frameworks";
			runOnlyForDeploymentPostprocessing = 0;
		};
/* End PBXCopyFilesBuildPhase section */

/* Begin PBXFileReference section */
		490E5F5C1D91524D009BA6A2 /* Goraebang-Bridging-Header.h */ = {isa = PBXFileReference; lastKnownFileType = sourcecode.c.h; path = "Goraebang-Bridging-Header.h"; sourceTree = "<group>"; };
		490E5F5D1D915E0E009BA6A2 /* OnSearchContainerViewController.swift */ = {isa = PBXFileReference; fileEncoding = 4; lastKnownFileType = sourcecode.swift; path = OnSearchContainerViewController.swift; sourceTree = "<group>"; };
		4914EF3B1D5DDC05007D150A /* HomeChartDetailTableViewController.swift */ = {isa = PBXFileReference; fileEncoding = 4; lastKnownFileType = sourcecode.swift; path = HomeChartDetailTableViewController.swift; sourceTree = "<group>"; };
		4914EF3D1D5DE032007D150A /* HomeChartDetailTableViewCell.swift */ = {isa = PBXFileReference; fileEncoding = 4; lastKnownFileType = sourcecode.swift; path = HomeChartDetailTableViewCell.swift; sourceTree = "<group>"; };
		491F3E581D42F4E0005A2C9D /* MyTabBarController.swift */ = {isa = PBXFileReference; fileEncoding = 4; lastKnownFileType = sourcecode.swift; path = MyTabBarController.swift; sourceTree = "<group>"; };
		49235DC11D843CC60063DE7D /* UserInfoGetter.swift */ = {isa = PBXFileReference; fileEncoding = 4; lastKnownFileType = sourcecode.swift; path = UserInfoGetter.swift; sourceTree = "<group>"; };
		492E7CEF1DA9414100FC3DF1 /* Communicator.swift */ = {isa = PBXFileReference; fileEncoding = 4; lastKnownFileType = sourcecode.swift; path = Communicator.swift; sourceTree = "<group>"; };
		492F62FA1D617F9100F270BA /* Song.swift */ = {isa = PBXFileReference; fileEncoding = 4; lastKnownFileType = sourcecode.swift; path = Song.swift; sourceTree = "<group>"; };
		4935B3111D9437AA00CC6D2C /* SearchByLyricsTableViewController.swift */ = {isa = PBXFileReference; fileEncoding = 4; lastKnownFileType = sourcecode.swift; path = SearchByLyricsTableViewController.swift; sourceTree = "<group>"; };
		4935B3131D9437B400CC6D2C /* SearchByLyricsTableViewCell.swift */ = {isa = PBXFileReference; fileEncoding = 4; lastKnownFileType = sourcecode.swift; path = SearchByLyricsTableViewCell.swift; sourceTree = "<group>"; };
		4935DA071D8A5F1B0027C408 /* SwiftyJSON.swift */ = {isa = PBXFileReference; fileEncoding = 4; lastKnownFileType = sourcecode.swift; path = SwiftyJSON.swift; sourceTree = "<group>"; };
		493ECDE81D958DD100A40C15 /* MainPageGradient.swift */ = {isa = PBXFileReference; fileEncoding = 4; lastKnownFileType = sourcecode.swift; path = MainPageGradient.swift; sourceTree = "<group>"; };
		494F3A951D42ECAA008B5051 /* Goraebang.app */ = {isa = PBXFileReference; explicitFileType = wrapper.application; includeInIndex = 0; path = Goraebang.app; sourceTree = BUILT_PRODUCTS_DIR; };
		494F3A981D42ECAA008B5051 /* AppDelegate.swift */ = {isa = PBXFileReference; lastKnownFileType = sourcecode.swift; path = AppDelegate.swift; sourceTree = "<group>"; };
		494F3A9D1D42ECAA008B5051 /* Base */ = {isa = PBXFileReference; lastKnownFileType = file.storyboard; name = Base; path = Base.lproj/Main.storyboard; sourceTree = "<group>"; };
		494F3A9F1D42ECAA008B5051 /* Assets.xcassets */ = {isa = PBXFileReference; lastKnownFileType = folder.assetcatalog; path = Assets.xcassets; sourceTree = "<group>"; };
		494F3AA41D42ECAA008B5051 /* Info.plist */ = {isa = PBXFileReference; lastKnownFileType = text.plist.xml; path = Info.plist; sourceTree = "<group>"; };
		494F3AAA1D42EFB7008B5051 /* HomeTabController.swift */ = {isa = PBXFileReference; fileEncoding = 4; lastKnownFileType = sourcecode.swift; path = HomeTabController.swift; sourceTree = "<group>"; usesTabs = 0; wrapsLines = 0; };
		49676E9A1DD5B60100962A26 /* HomeNewSongTableViewController.swift */ = {isa = PBXFileReference; fileEncoding = 4; lastKnownFileType = sourcecode.swift; path = HomeNewSongTableViewController.swift; sourceTree = "<group>"; };
		49676E9C1DD5B6DD00962A26 /* HomeNewSongTableViewCell.swift */ = {isa = PBXFileReference; fileEncoding = 4; lastKnownFileType = sourcecode.swift; path = HomeNewSongTableViewCell.swift; sourceTree = "<group>"; };
		497454AE1D4CB8B5000D520B /* LoginVC.swift */ = {isa = PBXFileReference; fileEncoding = 4; lastKnownFileType = sourcecode.swift; path = LoginVC.swift; sourceTree = "<group>"; };
		497454B61D4CE727000D520B /* SignupVC.swift */ = {isa = PBXFileReference; fileEncoding = 4; lastKnownFileType = sourcecode.swift; path = SignupVC.swift; sourceTree = "<group>"; };
		497469321DACC56700A9E241 /* Launch Screen.storyboard */ = {isa = PBXFileReference; fileEncoding = 4; lastKnownFileType = file.storyboard; path = "Launch Screen.storyboard"; sourceTree = "<group>"; };
		497469341DACCE3300A9E241 /* GoraeAlertController.swift */ = {isa = PBXFileReference; fileEncoding = 4; lastKnownFileType = sourcecode.swift; path = GoraeAlertController.swift; sourceTree = "<group>"; };
		497469361DACDA6100A9E241 /* GoraeAlert.swift */ = {isa = PBXFileReference; fileEncoding = 4; lastKnownFileType = sourcecode.swift; path = GoraeAlert.swift; sourceTree = "<group>"; };
		4974A1821DC7363900E63069 /* UserInfoSetter.swift */ = {isa = PBXFileReference; fileEncoding = 4; lastKnownFileType = sourcecode.swift; path = UserInfoSetter.swift; sourceTree = "<group>"; };
		4974A1841DC7751F00E63069 /* RecommendTableViewController.swift */ = {isa = PBXFileReference; fileEncoding = 4; lastKnownFileType = sourcecode.swift; path = RecommendTableViewController.swift; sourceTree = "<group>"; };
		4974A1861DC7763B00E63069 /* Recommender.swift */ = {isa = PBXFileReference; fileEncoding = 4; lastKnownFileType = sourcecode.swift; path = Recommender.swift; sourceTree = "<group>"; };
		4974A1891DC7787000E63069 /* RecommendTableViewCell.swift */ = {isa = PBXFileReference; fileEncoding = 4; lastKnownFileType = sourcecode.swift; path = RecommendTableViewCell.swift; sourceTree = "<group>"; };
		497E08B81DA90C4C0096E069 /* MyInfoViewController.swift */ = {isa = PBXFileReference; fileEncoding = 4; lastKnownFileType = sourcecode.swift; path = MyInfoViewController.swift; sourceTree = "<group>"; };
		498CDF981D55E0D300DA0A1D /* MyListTableViewController.swift */ = {isa = PBXFileReference; fileEncoding = 4; lastKnownFileType = sourcecode.swift; path = MyListTableViewController.swift; sourceTree = "<group>"; };
		498CDFA01D55E16A00DA0A1D /* MyListTableViewCell.swift */ = {isa = PBXFileReference; fileEncoding = 4; lastKnownFileType = sourcecode.swift; path = MyListTableViewCell.swift; sourceTree = "<group>"; };
		498E0D801D71598D00CCEFF1 /* GlobalSetting.swift */ = {isa = PBXFileReference; fileEncoding = 4; lastKnownFileType = sourcecode.swift; path = GlobalSetting.swift; sourceTree = "<group>"; };
		499318641D797A1B0047C8B1 /* SearchTableViewController.swift */ = {isa = PBXFileReference; fileEncoding = 4; lastKnownFileType = sourcecode.swift; path = SearchTableViewController.swift; sourceTree = "<group>"; };
		499318661D797BEA0047C8B1 /* SearchTableViewCell.swift */ = {isa = PBXFileReference; fileEncoding = 4; lastKnownFileType = sourcecode.swift; path = SearchTableViewCell.swift; sourceTree = "<group>"; };
		499C76581DEF1CD5004D4A3A /* ChangePasswordViewController.swift */ = {isa = PBXFileReference; fileEncoding = 4; lastKnownFileType = sourcecode.swift; path = ChangePasswordViewController.swift; sourceTree = "<group>"; };
		49B8340B1D564EFF004F1AC0 /* MyListDetailViewController.swift */ = {isa = PBXFileReference; fileEncoding = 4; lastKnownFileType = sourcecode.swift; path = MyListDetailViewController.swift; sourceTree = "<group>"; };
		49B862461D85479C00EBBE95 /* SettingViewController.swift */ = {isa = PBXFileReference; fileEncoding = 4; lastKnownFileType = sourcecode.swift; path = SettingViewController.swift; sourceTree = "<group>"; };
		49B862481D857B0200EBBE95 /* MyListViewController.swift */ = {isa = PBXFileReference; fileEncoding = 4; lastKnownFileType = sourcecode.swift; path = MyListViewController.swift; sourceTree = "<group>"; };
		49C4879A1D94028400F3D46C /* SearchByArtistTableViewController.swift */ = {isa = PBXFileReference; fileEncoding = 4; lastKnownFileType = sourcecode.swift; path = SearchByArtistTableViewController.swift; sourceTree = "<group>"; };
		49C4879C1D940BB500F3D46C /* SearchByArtistTableViewCell.swift */ = {isa = PBXFileReference; fileEncoding = 4; lastKnownFileType = sourcecode.swift; path = SearchByArtistTableViewCell.swift; sourceTree = "<group>"; };
		49D228731D8E93AF0036746A /* SearchContainerViewController.swift */ = {isa = PBXFileReference; fileEncoding = 4; lastKnownFileType = sourcecode.swift; path = SearchContainerViewController.swift; sourceTree = "<group>"; };
/* End PBXFileReference section */

/* Begin PBXFrameworksBuildPhase section */
		494F3A921D42ECAA008B5051 /* Frameworks */ = {
			isa = PBXFrameworksBuildPhase;
			buildActionMask = 2147483647;
			files = (
			);
			runOnlyForDeploymentPostprocessing = 0;
		};
/* End PBXFrameworksBuildPhase section */

/* Begin PBXGroup section */
		4914EF321D5DD751007D150A /* HomeController */ = {
			isa = PBXGroup;
			children = (
				494F3AAA1D42EFB7008B5051 /* HomeTabController.swift */,
				4914EF3B1D5DDC05007D150A /* HomeChartDetailTableViewController.swift */,
				4914EF3D1D5DE032007D150A /* HomeChartDetailTableViewCell.swift */,
				49676E9A1DD5B60100962A26 /* HomeNewSongTableViewController.swift */,
				49676E9C1DD5B6DD00962A26 /* HomeNewSongTableViewCell.swift */,
			);
			name = HomeController;
			sourceTree = "<group>";
		};
		491F3E571D42F43B005A2C9D /* ViewControllers */ = {
			isa = PBXGroup;
			children = (
				4974A1881DC7783C00E63069 /* RecommendController */,
				49B862451D85478900EBBE95 /* SettingController */,
				491F3E581D42F4E0005A2C9D /* MyTabBarController.swift */,
				498CDFA21D55E18700DA0A1D /* MyListController */,
				4914EF321D5DD751007D150A /* HomeController */,
				49B834041D56335F004F1AC0 /* UserController */,
				49729D501D728EB200E0A855 /* SearchController */,
				497469341DACCE3300A9E241 /* GoraeAlertController.swift */,
			);
			name = ViewControllers;
			sourceTree = "<group>";
		};
		491F3E5A1D42F4E6005A2C9D /* Views */ = {
			isa = PBXGroup;
			children = (
				494F3A9C1D42ECAA008B5051 /* Main.storyboard */,
				497469321DACC56700A9E241 /* Launch Screen.storyboard */,
			);
			name = Views;
			sourceTree = "<group>";
		};
		494F3A8C1D42ECAA008B5051 = {
			isa = PBXGroup;
			children = (
				494F3A971D42ECAA008B5051 /* Goraebang */,
				494F3A961D42ECAA008B5051 /* Products */,
			);
			sourceTree = "<group>";
		};
		494F3A961D42ECAA008B5051 /* Products */ = {
			isa = PBXGroup;
			children = (
				494F3A951D42ECAA008B5051 /* Goraebang.app */,
			);
			name = Products;
			sourceTree = "<group>";
		};
		494F3A971D42ECAA008B5051 /* Goraebang */ = {
			isa = PBXGroup;
			children = (
				491F3E5A1D42F4E6005A2C9D /* Views */,
				4935DA071D8A5F1B0027C408 /* SwiftyJSON.swift */,
				49B90CBA1D448FF00007D76B /* Models */,
				491F3E571D42F43B005A2C9D /* ViewControllers */,
				494F3A9F1D42ECAA008B5051 /* Assets.xcassets */,
				494F3A981D42ECAA008B5051 /* AppDelegate.swift */,
				494F3AA41D42ECAA008B5051 /* Info.plist */,
				490E5F5C1D91524D009BA6A2 /* Goraebang-Bridging-Header.h */,
			);
			path = Goraebang;
			sourceTree = "<group>";
		};
		49729D501D728EB200E0A855 /* SearchController */ = {
			isa = PBXGroup;
			children = (
				499318641D797A1B0047C8B1 /* SearchTableViewController.swift */,
				499318661D797BEA0047C8B1 /* SearchTableViewCell.swift */,
				49D228731D8E93AF0036746A /* SearchContainerViewController.swift */,
				490E5F5D1D915E0E009BA6A2 /* OnSearchContainerViewController.swift */,
				49C4879A1D94028400F3D46C /* SearchByArtistTableViewController.swift */,
				49C4879C1D940BB500F3D46C /* SearchByArtistTableViewCell.swift */,
				4935B3111D9437AA00CC6D2C /* SearchByLyricsTableViewController.swift */,
				4935B3131D9437B400CC6D2C /* SearchByLyricsTableViewCell.swift */,
			);
			name = SearchController;
			sourceTree = "<group>";
		};
		4974A1881DC7783C00E63069 /* RecommendController */ = {
			isa = PBXGroup;
			children = (
				4974A1841DC7751F00E63069 /* RecommendTableViewController.swift */,
				4974A1891DC7787000E63069 /* RecommendTableViewCell.swift */,
			);
			name = RecommendController;
			sourceTree = "<group>";
		};
		498CDFA21D55E18700DA0A1D /* MyListController */ = {
			isa = PBXGroup;
			children = (
				49B862481D857B0200EBBE95 /* MyListViewController.swift */,
				498CDFA01D55E16A00DA0A1D /* MyListTableViewCell.swift */,
				498CDF981D55E0D300DA0A1D /* MyListTableViewController.swift */,
				49B8340B1D564EFF004F1AC0 /* MyListDetailViewController.swift */,
			);
			name = MyListController;
			sourceTree = "<group>";
		};
		49B834041D56335F004F1AC0 /* UserController */ = {
			isa = PBXGroup;
			children = (
				497454AE1D4CB8B5000D520B /* LoginVC.swift */,
				497454B61D4CE727000D520B /* SignupVC.swift */,
			);
			name = UserController;
			sourceTree = "<group>";
		};
		49B862451D85478900EBBE95 /* SettingController */ = {
			isa = PBXGroup;
			children = (
				49B862461D85479C00EBBE95 /* SettingViewController.swift */,
				497E08B81DA90C4C0096E069 /* MyInfoViewController.swift */,
				499C76581DEF1CD5004D4A3A /* ChangePasswordViewController.swift */,
			);
			name = SettingController;
			sourceTree = "<group>";
		};
		49B90CBA1D448FF00007D76B /* Models */ = {
			isa = PBXGroup;
			children = (
				492F62FA1D617F9100F270BA /* Song.swift */,
				498E0D801D71598D00CCEFF1 /* GlobalSetting.swift */,
				49235DC11D843CC60063DE7D /* UserInfoGetter.swift */,
				493ECDE81D958DD100A40C15 /* MainPageGradient.swift */,
				492E7CEF1DA9414100FC3DF1 /* Communicator.swift */,
				497469361DACDA6100A9E241 /* GoraeAlert.swift */,
				4974A1821DC7363900E63069 /* UserInfoSetter.swift */,
				4974A1861DC7763B00E63069 /* Recommender.swift */,
			);
			name = Models;
			sourceTree = "<group>";
		};
/* End PBXGroup section */

/* Begin PBXNativeTarget section */
		494F3A941D42ECAA008B5051 /* Goraebang */ = {
			isa = PBXNativeTarget;
			buildConfigurationList = 494F3AA71D42ECAA008B5051 /* Build configuration list for PBXNativeTarget "Goraebang" */;
			buildPhases = (
				494F3A911D42ECAA008B5051 /* Sources */,
				494F3A921D42ECAA008B5051 /* Frameworks */,
				494F3A931D42ECAA008B5051 /* Resources */,
				4979E2281D4A17D2003852E6 /* Embed Frameworks */,
			);
			buildRules = (
			);
			dependencies = (
			);
			name = Goraebang;
			productName = Goraebang;
			productReference = 494F3A951D42ECAA008B5051 /* Goraebang.app */;
			productType = "com.apple.product-type.application";
		};
/* End PBXNativeTarget section */

/* Begin PBXProject section */
		494F3A8D1D42ECAA008B5051 /* Project object */ = {
			isa = PBXProject;
			attributes = {
				LastSwiftUpdateCheck = 0730;
				LastUpgradeCheck = 0800;
				ORGANIZATIONNAME = Sohn;
				TargetAttributes = {
					494F3A941D42ECAA008B5051 = {
						CreatedOnToolsVersion = 7.3.1;
						DevelopmentTeam = 23EFP3FERN;
						LastSwiftMigration = 0800;
					};
				};
			};
			buildConfigurationList = 494F3A901D42ECAA008B5051 /* Build configuration list for PBXProject "Goraebang" */;
			compatibilityVersion = "Xcode 3.2";
			developmentRegion = English;
			hasScannedForEncodings = 0;
			knownRegions = (
				en,
				Base,
			);
			mainGroup = 494F3A8C1D42ECAA008B5051;
			productRefGroup = 494F3A961D42ECAA008B5051 /* Products */;
			projectDirPath = "";
			projectRoot = "";
			targets = (
				494F3A941D42ECAA008B5051 /* Goraebang */,
			);
		};
/* End PBXProject section */

/* Begin PBXResourcesBuildPhase section */
		494F3A931D42ECAA008B5051 /* Resources */ = {
			isa = PBXResourcesBuildPhase;
			buildActionMask = 2147483647;
			files = (
				494F3AA01D42ECAA008B5051 /* Assets.xcassets in Resources */,
				497469331DACC56700A9E241 /* Launch Screen.storyboard in Resources */,
				494F3A9E1D42ECAA008B5051 /* Main.storyboard in Resources */,
			);
			runOnlyForDeploymentPostprocessing = 0;
		};
/* End PBXResourcesBuildPhase section */

/* Begin PBXSourcesBuildPhase section */
		494F3A911D42ECAA008B5051 /* Sources */ = {
			isa = PBXSourcesBuildPhase;
			buildActionMask = 2147483647;
			files = (
				498CDFA11D55E16A00DA0A1D /* MyListTableViewCell.swift in Sources */,
				499318651D797A1B0047C8B1 /* SearchTableViewController.swift in Sources */,
				492E7CF01DA9414100FC3DF1 /* Communicator.swift in Sources */,
				494F3AAB1D42EFB7008B5051 /* HomeTabController.swift in Sources */,
				4935DA081D8A5F1B0027C408 /* SwiftyJSON.swift in Sources */,
				4974A18A1DC7787000E63069 /* RecommendTableViewCell.swift in Sources */,
				49B8340C1D564EFF004F1AC0 /* MyListDetailViewController.swift in Sources */,
				490E5F5E1D915E0E009BA6A2 /* OnSearchContainerViewController.swift in Sources */,
				497454B71D4CE727000D520B /* SignupVC.swift in Sources */,
				494F3A991D42ECAA008B5051 /* AppDelegate.swift in Sources */,
				49B862491D857B0200EBBE95 /* MyListViewController.swift in Sources */,
				49D228741D8E93AF0036746A /* SearchContainerViewController.swift in Sources */,
				493ECDE91D958DD100A40C15 /* MainPageGradient.swift in Sources */,
				497469351DACCE3300A9E241 /* GoraeAlertController.swift in Sources */,
				49235DC21D843CC60063DE7D /* UserInfoGetter.swift in Sources */,
				498CDF991D55E0D300DA0A1D /* MyListTableViewController.swift in Sources */,
				499318671D797BEA0047C8B1 /* SearchTableViewCell.swift in Sources */,
				49C4879D1D940BB500F3D46C /* SearchByArtistTableViewCell.swift in Sources */,
				497E08B91DA90C4C0096E069 /* MyInfoViewController.swift in Sources */,
				4935B3141D9437B400CC6D2C /* SearchByLyricsTableViewCell.swift in Sources */,
				49676E9B1DD5B60100962A26 /* HomeNewSongTableViewController.swift in Sources */,
				499C76591DEF1CD5004D4A3A /* ChangePasswordViewController.swift in Sources */,
				49676E9D1DD5B6DD00962A26 /* HomeNewSongTableViewCell.swift in Sources */,
				497454AF1D4CB8B5000D520B /* LoginVC.swift in Sources */,
				4935B3121D9437AA00CC6D2C /* SearchByLyricsTableViewController.swift in Sources */,
				491F3E591D42F4E0005A2C9D /* MyTabBarController.swift in Sources */,
				49B862471D85479C00EBBE95 /* SettingViewController.swift in Sources */,
				4914EF3E1D5DE032007D150A /* HomeChartDetailTableViewCell.swift in Sources */,
				49C4879B1D94028400F3D46C /* SearchByArtistTableViewController.swift in Sources */,
				492F62FB1D617F9100F270BA /* Song.swift in Sources */,
				4974A1831DC7363900E63069 /* UserInfoSetter.swift in Sources */,
				4974A1851DC7752000E63069 /* RecommendTableViewController.swift in Sources */,
				498E0D811D71598D00CCEFF1 /* GlobalSetting.swift in Sources */,
				4974A1871DC7763B00E63069 /* Recommender.swift in Sources */,
				4914EF3C1D5DDC05007D150A /* HomeChartDetailTableViewController.swift in Sources */,
				497469371DACDA6100A9E241 /* GoraeAlert.swift in Sources */,
			);
			runOnlyForDeploymentPostprocessing = 0;
		};
/* End PBXSourcesBuildPhase section */

/* Begin PBXVariantGroup section */
		494F3A9C1D42ECAA008B5051 /* Main.storyboard */ = {
			isa = PBXVariantGroup;
			children = (
				494F3A9D1D42ECAA008B5051 /* Base */,
			);
			name = Main.storyboard;
			sourceTree = "<group>";
		};
/* End PBXVariantGroup section */

/* Begin XCBuildConfiguration section */
		494F3AA51D42ECAA008B5051 /* Debug */ = {
			isa = XCBuildConfiguration;
			buildSettings = {
				ALWAYS_SEARCH_USER_PATHS = NO;
				CLANG_ANALYZER_NONNULL = YES;
				CLANG_CXX_LANGUAGE_STANDARD = "gnu++0x";
				CLANG_CXX_LIBRARY = "libc++";
				CLANG_ENABLE_MODULES = YES;
				CLANG_ENABLE_OBJC_ARC = YES;
				CLANG_WARN_BOOL_CONVERSION = YES;
				CLANG_WARN_CONSTANT_CONVERSION = YES;
				CLANG_WARN_DIRECT_OBJC_ISA_USAGE = YES_ERROR;
				CLANG_WARN_EMPTY_BODY = YES;
				CLANG_WARN_ENUM_CONVERSION = YES;
				CLANG_WARN_INFINITE_RECURSION = YES;
				CLANG_WARN_INT_CONVERSION = YES;
				CLANG_WARN_OBJC_ROOT_CLASS = YES_ERROR;
				CLANG_WARN_SUSPICIOUS_MOVE = YES;
				CLANG_WARN_UNREACHABLE_CODE = YES;
				CLANG_WARN__DUPLICATE_METHOD_MATCH = YES;
				"CODE_SIGN_IDENTITY[sdk=iphoneos*]" = "iPhone Developer";
				COPY_PHASE_STRIP = NO;
				DEBUG_INFORMATION_FORMAT = dwarf;
				ENABLE_STRICT_OBJC_MSGSEND = YES;
				ENABLE_TESTABILITY = YES;
				GCC_C_LANGUAGE_STANDARD = gnu99;
				GCC_DYNAMIC_NO_PIC = NO;
				GCC_NO_COMMON_BLOCKS = YES;
				GCC_OPTIMIZATION_LEVEL = 0;
				GCC_PREPROCESSOR_DEFINITIONS = (
					"DEBUG=1",
					"$(inherited)",
				);
				GCC_WARN_64_TO_32_BIT_CONVERSION = YES;
				GCC_WARN_ABOUT_RETURN_TYPE = YES_ERROR;
				GCC_WARN_UNDECLARED_SELECTOR = YES;
				GCC_WARN_UNINITIALIZED_AUTOS = YES_AGGRESSIVE;
				GCC_WARN_UNUSED_FUNCTION = YES;
				GCC_WARN_UNUSED_VARIABLE = YES;
				IPHONEOS_DEPLOYMENT_TARGET = 8.0;
				MTL_ENABLE_DEBUG_INFO = YES;
				ONLY_ACTIVE_ARCH = YES;
				SDKROOT = iphoneos;
				SWIFT_OPTIMIZATION_LEVEL = "-Onone";
				SWIFT_VERSION = 2.3;
			};
			name = Debug;
		};
		494F3AA61D42ECAA008B5051 /* Release */ = {
			isa = XCBuildConfiguration;
			buildSettings = {
				ALWAYS_SEARCH_USER_PATHS = NO;
				CLANG_ANALYZER_NONNULL = YES;
				CLANG_CXX_LANGUAGE_STANDARD = "gnu++0x";
				CLANG_CXX_LIBRARY = "libc++";
				CLANG_ENABLE_MODULES = YES;
				CLANG_ENABLE_OBJC_ARC = YES;
				CLANG_WARN_BOOL_CONVERSION = YES;
				CLANG_WARN_CONSTANT_CONVERSION = YES;
				CLANG_WARN_DIRECT_OBJC_ISA_USAGE = YES_ERROR;
				CLANG_WARN_EMPTY_BODY = YES;
				CLANG_WARN_ENUM_CONVERSION = YES;
				CLANG_WARN_INFINITE_RECURSION = YES;
				CLANG_WARN_INT_CONVERSION = YES;
				CLANG_WARN_OBJC_ROOT_CLASS = YES_ERROR;
				CLANG_WARN_SUSPICIOUS_MOVE = YES;
				CLANG_WARN_UNREACHABLE_CODE = YES;
				CLANG_WARN__DUPLICATE_METHOD_MATCH = YES;
				"CODE_SIGN_IDENTITY[sdk=iphoneos*]" = "iPhone Developer";
				COPY_PHASE_STRIP = NO;
				DEBUG_INFORMATION_FORMAT = "dwarf-with-dsym";
				ENABLE_NS_ASSERTIONS = NO;
				ENABLE_STRICT_OBJC_MSGSEND = YES;
				GCC_C_LANGUAGE_STANDARD = gnu99;
				GCC_NO_COMMON_BLOCKS = YES;
				GCC_WARN_64_TO_32_BIT_CONVERSION = YES;
				GCC_WARN_ABOUT_RETURN_TYPE = YES_ERROR;
				GCC_WARN_UNDECLARED_SELECTOR = YES;
				GCC_WARN_UNINITIALIZED_AUTOS = YES_AGGRESSIVE;
				GCC_WARN_UNUSED_FUNCTION = YES;
				GCC_WARN_UNUSED_VARIABLE = YES;
				IPHONEOS_DEPLOYMENT_TARGET = 8.0;
				MTL_ENABLE_DEBUG_INFO = NO;
				SDKROOT = iphoneos;
				SWIFT_OPTIMIZATION_LEVEL = "-Owholemodule";
				SWIFT_VERSION = 2.3;
				VALIDATE_PRODUCT = YES;
			};
			name = Release;
		};
		494F3AA81D42ECAA008B5051 /* Debug */ = {
			isa = XCBuildConfiguration;
			buildSettings = {
				ALWAYS_EMBED_SWIFT_STANDARD_LIBRARIES = YES;
				ASSETCATALOG_COMPILER_APPICON_NAME = AppIcon;
				ASSETCATALOG_COMPILER_LAUNCHIMAGE_NAME = LaunchImage;
				CLANG_ENABLE_MODULES = YES;
				DEVELOPMENT_TEAM = 23EFP3FERN;
				INFOPLIST_FILE = Goraebang/Info.plist;
				IPHONEOS_DEPLOYMENT_TARGET = 8.0;
				LD_RUNPATH_SEARCH_PATHS = "$(inherited) @executable_path/Frameworks";
				PRODUCT_BUNDLE_IDENTIFIER = com.Sohn.Goraebang;
				PRODUCT_NAME = "$(TARGET_NAME)";
				SWIFT_INSTALL_OBJC_HEADER = YES;
				SWIFT_OBJC_BRIDGING_HEADER = "Goraebang/Goraebang-Bridging-Header.h";
				SWIFT_OPTIMIZATION_LEVEL = "-Onone";
				SWIFT_VERSION = 2.3;
				TARGETED_DEVICE_FAMILY = 1;
			};
			name = Debug;
		};
		494F3AA91D42ECAA008B5051 /* Release */ = {
			isa = XCBuildConfiguration;
			buildSettings = {
				ALWAYS_EMBED_SWIFT_STANDARD_LIBRARIES = YES;
				ASSETCATALOG_COMPILER_APPICON_NAME = AppIcon;
				ASSETCATALOG_COMPILER_LAUNCHIMAGE_NAME = LaunchImage;
				CLANG_ENABLE_MODULES = YES;
				DEVELOPMENT_TEAM = 23EFP3FERN;
				INFOPLIST_FILE = Goraebang/Info.plist;
				IPHONEOS_DEPLOYMENT_TARGET = 8.0;
				LD_RUNPATH_SEARCH_PATHS = "$(inherited) @executable_path/Frameworks";
				PRODUCT_BUNDLE_IDENTIFIER = com.Sohn.Goraebang;
				PRODUCT_NAME = "$(TARGET_NAME)";
				SWIFT_INSTALL_OBJC_HEADER = YES;
				SWIFT_OBJC_BRIDGING_HEADER = "Goraebang/Goraebang-Bridging-Header.h";
				SWIFT_VERSION = 2.3;
				TARGETED_DEVICE_FAMILY = 1;
			};
			name = Release;
		};
/* End XCBuildConfiguration section */

/* Begin XCConfigurationList section */
		494F3A901D42ECAA008B5051 /* Build configuration list for PBXProject "Goraebang" */ = {
			isa = XCConfigurationList;
			buildConfigurations = (
				494F3AA51D42ECAA008B5051 /* Debug */,
				494F3AA61D42ECAA008B5051 /* Release */,
			);
			defaultConfigurationIsVisible = 0;
			defaultConfigurationName = Release;
		};
		494F3AA71D42ECAA008B5051 /* Build configuration list for PBXNativeTarget "Goraebang" */ = {
			isa = XCConfigurationList;
			buildConfigurations = (
				494F3AA81D42ECAA008B5051 /* Debug */,
				494F3AA91D42ECAA008B5051 /* Release */,
			);
			defaultConfigurationIsVisible = 0;
			defaultConfigurationName = Release;
		};
/* End XCConfigurationList section */
	};
	rootObject = 494F3A8D1D42ECAA008B5051 /* Project object */;
}
